
Microsoft Visual Studio Solution File, Format Version 12.00
# Visual Studio Version 17
VisualStudioVersion = 17.9.34728.123
MinimumVisualStudioVersion = 10.0.40219.1
Project("{FAE04EC0-301F-11D3-BF4B-00C04F79EFBC}") = "SharedMusicPlayer", "SharedMusicPlayer\SharedMusicPlayer.csproj", "{8BB2846D-316C-428A-8CC2-A179FE7CA0B2}"
EndProject
Global
	GlobalSection(SolutionConfigurationPlatforms) = preSolution
		Debug|Any CPU = Debug|Any CPU
		Release|Any CPU = Release|Any CPU
	EndGlobalSection
	GlobalSection(ProjectConfigurationPlatforms) = postSolution
		{8BB2846D-316C-428A-8CC2-A179FE7CA0B2}.Debug|Any CPU.ActiveCfg = Debug|Any CPU
		{8BB2846D-316C-428A-8CC2-A179FE7CA0B2}.Debug|Any CPU.Build.0 = Debug|Any CPU
		{8BB2846D-316C-428A-8CC2-A179FE7CA0B2}.Release|Any CPU.ActiveCfg = Release|Any CPU
		{8BB2846D-316C-428A-8CC2-A179FE7CA0B2}.Release|Any CPU.Build.0 = Release|Any CPU
	EndGlobalSection
	GlobalSection(SolutionProperties) = preSolution
		HideSolutionNode = FALSE
	EndGlobalSection
	GlobalSection(ExtensibilityGlobals) = postSolution
		SolutionGuid = {7ACC8A8C-078D-4150-9167-97D3006F55A2}
	EndGlobalSection
EndGlobal
